github.com/bgentry/speakeasy v0.1.0 h1:ByYyxL9InA1OWqxJqqp2A5pYHUrCiAL6K3J+LKSsQkY=
github.com/bgentry/speakeasy v0.1.0/go.mod h1:+zsyZBPWlz7T6j88CTgSN5bM796AkVf0kBD4zp0CCIs=
github.com/clearblade/Go-SDK v0.0.0-20200427165408-06a95f909e20 h1:gjWhhoPtOrDeFxUCLj++UOa7jiJ+RaO5dHLX0Y/kQuE=
github.com/clearblade/Go-SDK v0.0.0-20200427165408-06a95f909e20/go.mod h1:KByFsQUrafel53AhheIy5KflUpcqPeyPFqMQNwuwuS0=
github.com/clearblade/cbjson v0.0.0-20160215162041-f1a77f1fc21c h1:KnJkP9fLFNyoV+pU3mXiRW5oLJdgDzVM/hWQhc0Scas=
github.com/clearblade/cbjson v0.0.0-20160215162041-f1a77f1fc21c/go.mod h1:Pbu2bhtMVaWboL3mRaFQmGs8USG8uG4EAW2LB3SfCME=
github.com/clearblade/cblib v4.1.3-0.20200507153148-41bc557d67e8+incompatible h1:uQMd1T2b9QOg0PQNKYRAAxlnssCbdHMkq2CC35rDAV8=
github.com/clearblade/cblib v4.1.3-0.20200507153148-41bc557d67e8+incompatible/go.mod h1:R/hHaoGvUV+vfSMOpPZebFli/RICjIdX4/9gDFWosiM=
github.com/clearblade/go-utils v1.1.4 h1:/pcYKVTAJ5RcXRZnVENNdUZUKCoZRa3OVhbyer/aHiY=
github.com/clearblade/go-utils v1.1.4/go.mod h1:neQH1vakc/9y8BORrnWgSnBAQFBCS2U8OT3f47oM/YU=
github.com/clearblade/mqtt_parsing v0.0.0-20160301165118-6ae49eac0961 h1:/T6Cq3XSwmuFoN6GDoPWgGpNW5X0Idx49DbfQazRUOQ=
github.com/clearblade/mqtt_parsing v0.0.0-20160301165118-6ae49eac0961/go.mod h1:xDP8quKbKO12G1Z5hbQFhAb9DekEe/sSKVOJdl9eRgA=
github.com/clearblade/paho.mqtt.golang v1.1.1 h1:S+F3zt3EuskNZvrP4NTgtH1gbY/gvz8VlP+a7UX2LWQ=
github.com/clearblade/paho.mqtt.golang v1.1.1/go.mod h1:rpDRqEw2Q7epfQYfcHwkHDHSzNzPB+BYO8zn7cGHsWo=
github.com/ghodss/yaml v1.0.0 h1:wQHKEahhL6wmXdzwWG11gIVCkOv05bNOh+Rxn0yngAk=
github.com/ghodss/yaml v1.0.0/go.mod h1:4dBDuWmgqj2HViK6kFavaiC9ZROes6MMH2rRYeMEF04=
github.com/pkg/errors v0.8.1/go.mod h1:bwawxfHBFNV+L2hUp1rHADufV3IMtnDRdf1r5NINEl0=
github.com/pkg/errors v0.9.1 h1:FEBLx1zS214owpjy7qsBeixbURkuhQAwrK5UwLGTwt4=
github.com/pkg/errors v0.9.1/go.mod h1:bwawxfHBFNV+L2hUp1rHADufV3IMtnDRdf1r5NINEl0=
github.com/totherme/unstructured v0.0.0-20170821094912-3faf2d56d8b8 h1:+cDQ25Z/KyOnKdpENvDW1+4fwr73INYQQYzolbkLPd4=
github.com/totherme/unstructured v0.0.0-20170821094912-3faf2d56d8b8/go.mod h1:kRBNd4oaYXfqx6LEsAukp3/BTLgXyuXGqPbzCqZ2WCc=
github.com/xeipuuv/gojsonpointer v0.0.0-20190905194746-02993c407bfb h1:zGWFAtiMcyryUHoUjUJX0/lt1H2+i2Ka2n+D3DImSNo=
github.com/xeipuuv/gojsonpointer v0.0.0-20190905194746-02993c407bfb/go.mod h1:N2zxlSyiKSe5eX1tZViRH5QA0qijqEDrYZiPEAiq3wU=
golang.org/x/crypto v0.0.0-20190308221718-c2843e01d9a2/go.mod h1:djNgcEr1/C05ACkg1iLfiJU5Ep61QUkGW8qpdssI0+w=
golang.org/x/net v0.0.0-20191209160850-c0dbc17a3553/go.mod h1:z5CRVTTTmAJ677TzLLGU+0bjPO0LkuOLi4/5GtJWs/s=
golang.org/x/net v0.0.0-20200114155413-6afb5195e5aa h1:F+8P+gmewFQYRk6JoLQLwjBCTu3mcIURZfNkVweuRKA=
golang.org/x/net v0.0.0-20200114155413-6afb5195e5aa/go.mod h1:z5CRVTTTmAJ677TzLLGU+0bjPO0LkuOLi4/5GtJWs/s=
golang.org/x/sys v0.0.0-20190215142949-d0b11bdaac8a/go.mod h1:STP8DvDyc/dI5b8T5hshtkjS+E42TnysNCUPdjciGhY=
golang.org/x/text v0.3.0/go.mod h1:NqM8EUOU14njkJ3fqMW+pc6Ldnwhi/IjpwHt7yyuwOQ=
gopkg.in/check.v1 v0.0.0-20161208181325-20d25e280405/go.mod h1:Co6ibVJAznAaIkqp8huTwlJQCZ016jof/cbN4VW5Yz0=
gopkg.in/yaml.v2 v2.2.7 h1:VUgggvou5XRW9mHwD/yXxIYSMtY0zoKQf/v226p2nyo=
gopkg.in/yaml.v2 v2.2.7/go.mod h1:hI93XBmqTisBFMUTm0b8Fm+jr3Dg1NNxqwp+5A1VGuI=
