github.com/BurntSushi/toml v0.3.1/go.mod h1:xHWCNGjB5oqiDr8zfno3MHue2Ht5sIBksp03qcyfWMU=
github.com/bgentry/speakeasy v0.1.0 h1:ByYyxL9InA1OWqxJqqp2A5pYHUrCiAL6K3J+LKSsQkY=
github.com/bgentry/speakeasy v0.1.0/go.mod h1:+zsyZBPWlz7T6j88CTgSN5bM796AkVf0kBD4zp0CCIs=
github.com/cenkalti/backoff/v4 v4.3.0 h1:MyRJ/UdXutAwSAT+s3wNd7MfTIcy71VQueUuFK343L8=
github.com/cenkalti/backoff/v4 v4.3.0/go.mod h1:Y3VNntkOUPxTVeUxJ/G5vcM//AlwfmyYozVcomhLiZE=
github.com/clearblade/Go-SDK v0.0.0-20201017144104-06254e31ee03 h1:p0waG/hXqpL3NNMubXUxfrGeoHlNrLGun3l3AlGoXt8=
github.com/clearblade/Go-SDK v0.0.0-20201017144104-06254e31ee03/go.mod h1:KByFsQUrafel53AhheIy5KflUpcqPeyPFqMQNwuwuS0=
github.com/clearblade/Go-SDK v0.0.0-20211214012803-af8b77726b31 h1:LU/BUz32xJon2ZucICAfGa4KxN7foGNKZYUHjWnYQ9k=
github.com/clearblade/Go-SDK v0.0.0-20211214012803-af8b77726b31/go.mod h1:KByFsQUrafel53AhheIy5KflUpcqPeyPFqMQNwuwuS0=
github.com/clearblade/Go-SDK v0.0.0-20220901185914-224a1a91bd45 h1:KJ8d6BrmlL6HxTMYkoA0TUxrXspUJPNgh4q2suDptKQ=
github.com/clearblade/Go-SDK v0.0.0-20220901185914-224a1a91bd45/go.mod h1:KByFsQUrafel53AhheIy5KflUpcqPeyPFqMQNwuwuS0=
github.com/clearblade/Go-SDK v0.0.0-20220902152954-2c7ead174ea4 h1:mXF4gLhffPoYfP/rhdf9kBcSkJ87ODBH7d6i75MqHdE=
github.com/clearblade/Go-SDK v0.0.0-20220902152954-2c7ead174ea4/go.mod h1:KByFsQUrafel53AhheIy5KflUpcqPeyPFqMQNwuwuS0=
github.com/clearblade/Go-SDK v0.0.0-20220914220004-e524426bc226 h1:fz46CcYQzciA52ZG221pha/EDKKmCGoteccAfyQ+tLE=
github.com/clearblade/Go-SDK v0.0.0-20220914220004-e524426bc226/go.mod h1:KByFsQUrafel53AhheIy5KflUpcqPeyPFqMQNwuwuS0=
github.com/clearblade/Go-SDK v0.0.0-20220930214825-fe624346c6cd h1:xOl7rmQXyaHUJv3qinha2rsibQ7hWG1EuAtq2hANDMo=
github.com/clearblade/Go-SDK v0.0.0-20220930214825-fe624346c6cd/go.mod h1:KByFsQUrafel53AhheIy5KflUpcqPeyPFqMQNwuwuS0=
github.com/clearblade/Go-SDK v0.0.0-20221107230829-978006772314 h1:jtJDIViTgqqdj21pO3ZMZUS96IbOmF/nNs8XGTODEgQ=
github.com/clearblade/Go-SDK v0.0.0-20221107230829-978006772314/go.mod h1:zHjGnfWvneo/sW1PBnAUBUcsMVaFoQfKxW43rXUp3RY=
github.com/clearblade/Go-SDK v0.0.0-20230516142343-daba1e9c38a4 h1:p1SlDVf64oAredCQShghj1nUJKM0RA8FQEd4AFPChws=
github.com/clearblade/Go-SDK v0.0.0-20230516142343-daba1e9c38a4/go.mod h1:zHjGnfWvneo/sW1PBnAUBUcsMVaFoQfKxW43rXUp3RY=
github.com/clearblade/Go-SDK v0.0.0-20230530165621-5c715d833523 h1:kjUPyaqM5rtUGz49did5yR47fS7fntCyxO4EN9lLfD0=
github.com/clearblade/Go-SDK v0.0.0-20230530165621-5c715d833523/go.mod h1:zHjGnfWvneo/sW1PBnAUBUcsMVaFoQfKxW43rXUp3RY=
github.com/clearblade/Go-SDK v0.0.0-20240305193218-292023fc6487 h1:j59t1YwzxiwulRaveHEYQgKZM+xV0w4iK76yqwR3iAo=
github.com/clearblade/Go-SDK v0.0.0-20240305193218-292023fc6487/go.mod h1:zHjGnfWvneo/sW1PBnAUBUcsMVaFoQfKxW43rXUp3RY=
github.com/clearblade/Go-SDK v0.0.0-20240307155638-d7e70edf43a3 h1:Pzo99+IKxwJtjI11GPTQnB3GgKVEvi6QVsbyLEwPajY=
github.com/clearblade/Go-SDK v0.0.0-20240307155638-d7e70edf43a3/go.mod h1:zHjGnfWvneo/sW1PBnAUBUcsMVaFoQfKxW43rXUp3RY=
github.com/clearblade/Go-SDK v0.0.0-20240307161113-68b38ce52246 h1:cGF5JXCOMs8ju1Mc1o9GP3pdemMs2hzVpwpp95ipQVk=
github.com/clearblade/Go-SDK v0.0.0-20240307161113-68b38ce52246/go.mod h1:zHjGnfWvneo/sW1PBnAUBUcsMVaFoQfKxW43rXUp3RY=
github.com/clearblade/Go-SDK v0.0.0-20240426183217-3009365982dd h1:oJSC9xZMbZL6S9w6BA/t0RnNYw9Oj2255oo483ovqRQ=
github.com/clearblade/Go-SDK v0.0.0-20240426183217-3009365982dd/go.mod h1:zHjGnfWvneo/sW1PBnAUBUcsMVaFoQfKxW43rXUp3RY=
github.com/clearblade/Go-SDK v0.0.0-20240506151411-4736fda446c8 h1:16r3KPhn5p025GAbMirA0DKP+OTmaT0gev9+hwvZhvs=
github.com/clearblade/Go-SDK v0.0.0-20240506151411-4736fda446c8/go.mod h1:zHjGnfWvneo/sW1PBnAUBUcsMVaFoQfKxW43rXUp3RY=
github.com/clearblade/Go-SDK v0.0.0-20240513144909-d9f427ef7df7 h1:Dv4maH3GWMFWMWXwjjEOTKLXVwLY/qfOpEd2UpmorBk=
github.com/clearblade/Go-SDK v0.0.0-20240513144909-d9f427ef7df7/go.mod h1:zHjGnfWvneo/sW1PBnAUBUcsMVaFoQfKxW43rXUp3RY=
github.com/clearblade/Go-SDK v0.0.0-20240906140851-fade541d1593 h1:KXciNiDCxK5omvb7w3+a1ypAJEqM7MnUWgkckdOf5iY=
github.com/clearblade/Go-SDK v0.0.0-20240906140851-fade541d1593/go.mod h1:Zw/X4NXHkdIG6ebMLUX8+RMwzOH5C1SvNzv2rP8yvSY=
github.com/clearblade/Go-SDK v0.0.0-20240913151318-3d23d590c91f h1:7M9NoiJq/S/S7FpncZ44QDZ+Przm9Zkv0U7zEPdxwF4=
github.com/clearblade/Go-SDK v0.0.0-20240913151318-3d23d590c91f/go.mod h1:Zw/X4NXHkdIG6ebMLUX8+RMwzOH5C1SvNzv2rP8yvSY=
github.com/clearblade/cbjson v0.0.0-20160215162041-f1a77f1fc21c h1:KnJkP9fLFNyoV+pU3mXiRW5oLJdgDzVM/hWQhc0Scas=
github.com/clearblade/cbjson v0.0.0-20160215162041-f1a77f1fc21c/go.mod h1:Pbu2bhtMVaWboL3mRaFQmGs8USG8uG4EAW2LB3SfCME=
github.com/clearblade/cblib v0.0.0-20201104220901-c787d217ff14 h1:TmWCOBXdz36OKKyHVCVilEqM/pN9PuGNgJ3TC8j7I/I=
github.com/clearblade/cblib v0.0.0-20201104220901-c787d217ff14/go.mod h1:aOBc0u6y2ZIpoj/hPkL6b8a3aISC1kNzEx3f6NIUW5I=
github.com/clearblade/cblib v0.0.0-20210226174808-bfef6aea5fb5 h1:Zdct1PG6/uaInt07CMkeq/xBsS+S2CPwv61ftprgGG8=
github.com/clearblade/cblib v0.0.0-20210226174808-bfef6aea5fb5/go.mod h1:aOBc0u6y2ZIpoj/hPkL6b8a3aISC1kNzEx3f6NIUW5I=
github.com/clearblade/cblib v0.0.0-20210303211757-bf30ada533d8 h1:f4vAmNonu1XnFuN0y9shkWKVPOJT5NflkwZw8KIzbN8=
github.com/clearblade/cblib v0.0.0-20210303211757-bf30ada533d8/go.mod h1:aOBc0u6y2ZIpoj/hPkL6b8a3aISC1kNzEx3f6NIUW5I=
github.com/clearblade/cblib v0.0.0-20210330193527-705ac9500e7f h1:gEORJt51AsdkY8l4qWLM8sJoRP8oXr1Vo3Rvh3KhEKs=
github.com/clearblade/cblib v0.0.0-20210330193527-705ac9500e7f/go.mod h1:aOBc0u6y2ZIpoj/hPkL6b8a3aISC1kNzEx3f6NIUW5I=
github.com/clearblade/cblib v0.0.0-20210507162132-7be73ef4dea3 h1:ZA33GBgjSoesye4QIF/dNsF7Gji1jxy/6Bdlt40oMlQ=
github.com/clearblade/cblib v0.0.0-20210507162132-7be73ef4dea3/go.mod h1:gOLS1IogwZrki+8vTRZ19LCbyDRR0K9bhU+laL+/6VM=
github.com/clearblade/cblib v0.0.0-20210820155439-0ef319539afe h1:DgBBEm1QkH4Q30bsJVMRM0ROITvv3XytbpU1T2k9oJI=
github.com/clearblade/cblib v0.0.0-20210820155439-0ef319539afe/go.mod h1:gOLS1IogwZrki+8vTRZ19LCbyDRR0K9bhU+laL+/6VM=
github.com/clearblade/cblib v0.0.0-20210909183732-2667c88d581c h1:8zHTaNK+a8iWhOvPPPwa8NlNswlrjIRHRqslAXuQieA=
github.com/clearblade/cblib v0.0.0-20210909183732-2667c88d581c/go.mod h1:gOLS1IogwZrki+8vTRZ19LCbyDRR0K9bhU+laL+/6VM=
github.com/clearblade/cblib v0.0.0-20210923221004-c845677fa2da h1:sNdTGA349NEpbkFOOYLip2NSMIEyyN8kGEOMbKPHxnQ=
github.com/clearblade/cblib v0.0.0-20210923221004-c845677fa2da/go.mod h1:gOLS1IogwZrki+8vTRZ19LCbyDRR0K9bhU+laL+/6VM=
github.com/clearblade/cblib v0.0.0-20211213161558-ca0712caf133 h1:QBVDstNzRGGM/RFYBsicn7m2E4/C69fgnmhZDgJ0JoM=
github.com/clearblade/cblib v0.0.0-20211213161558-ca0712caf133/go.mod h1:gOLS1IogwZrki+8vTRZ19LCbyDRR0K9bhU+laL+/6VM=
github.com/clearblade/cblib v0.0.0-20211214013125-da6a58aa35b8 h1:jTkOcUbx+f63rti0eRlmOpz51xBaqZq9Re2MZFrOXwQ=
github.com/clearblade/cblib v0.0.0-20211214013125-da6a58aa35b8/go.mod h1:pdrY6tjR3L1xDl//OTY6+B7+0+rMczyLLnWrkQ3vZI0=
github.com/clearblade/cblib v0.0.0-20220112213347-d3855ee2a355 h1:gtgNstD3WmecLLx5iuAV+DwE/JU3zJZtFvHil2WPEQ8=
github.com/clearblade/cblib v0.0.0-20220112213347-d3855ee2a355/go.mod h1:pdrY6tjR3L1xDl//OTY6+B7+0+rMczyLLnWrkQ3vZI0=
github.com/clearblade/cblib v0.0.0-20220202150516-e83f4a13e154 h1:8Q+7x7bFvZ4zFtqYkoWQueIeqQt9cgqnJ9OaM9W/iTY=
github.com/clearblade/cblib v0.0.0-20220202150516-e83f4a13e154/go.mod h1:pdrY6tjR3L1xDl//OTY6+B7+0+rMczyLLnWrkQ3vZI0=
github.com/clearblade/cblib v0.0.0-20220208145906-e473b786fb6c h1:syM9Sgq4W5V2GYtAQldB5QagIioYPFd/cZlHa8di1N8=
github.com/clearblade/cblib v0.0.0-20220208145906-e473b786fb6c/go.mod h1:skWJi6s6chGwLEQL9WuGDpovHjGLCXoRFYobLnvWWag=
github.com/clearblade/cblib v0.0.0-20220214193415-07f651832bdc h1:SAutaBexGIZnSjhz2vXaXlpJbtsJFt+MG+mxnMfDlcU=
github.com/clearblade/cblib v0.0.0-20220214193415-07f651832bdc/go.mod h1:skWJi6s6chGwLEQL9WuGDpovHjGLCXoRFYobLnvWWag=
github.com/clearblade/cblib v0.0.0-20220222233805-488d411620aa h1:vhOVGrO7Wo59xZR/XDQEFSi+Wffywx4gm2trUIjg8Do=
github.com/clearblade/cblib v0.0.0-20220222233805-488d411620aa/go.mod h1:skWJi6s6chGwLEQL9WuGDpovHjGLCXoRFYobLnvWWag=
github.com/clearblade/cblib v0.0.0-20220225223445-925344d093c6 h1:bh0ur6eWgK16cVl5YzZm1/VF0sbPLE1qyPIulvhEx7c=
github.com/clearblade/cblib v0.0.0-20220225223445-925344d093c6/go.mod h1:skWJi6s6chGwLEQL9WuGDpovHjGLCXoRFYobLnvWWag=
github.com/clearblade/cblib v0.0.0-20220405152136-31a313a79aea h1:4oX7ll1vrguh1eUNRorhQe4eQAjEnbkKvUiYdr8H/Kg=
github.com/clearblade/cblib v0.0.0-20220405152136-31a313a79aea/go.mod h1:skWJi6s6chGwLEQL9WuGDpovHjGLCXoRFYobLnvWWag=
github.com/clearblade/cblib v0.0.0-20220429152404-58bd0d27579c h1:/y05yYElxDL5fBZu0ZeLTO8wQgg9t97pKbLoXgXB0P8=
github.com/clearblade/cblib v0.0.0-20220429152404-58bd0d27579c/go.mod h1:skWJi6s6chGwLEQL9WuGDpovHjGLCXoRFYobLnvWWag=
github.com/clearblade/cblib v0.0.0-20220519210730-10304e10cc5d h1:cx5jLcfZbgNfyqOIr4eXZ5b17lSxeE3nM41xSmtA/3w=
github.com/clearblade/cblib v0.0.0-20220519210730-10304e10cc5d/go.mod h1:skWJi6s6chGwLEQL9WuGDpovHjGLCXoRFYobLnvWWag=
github.com/clearblade/cblib v0.0.0-20220524205606-58a10ffa4567 h1:ifZPZeCIFwES9NosZf5APOt+iZZ4nH9kQoYDUICUZdE=
github.com/clearblade/cblib v0.0.0-20220524205606-58a10ffa4567/go.mod h1:skWJi6s6chGwLEQL9WuGDpovHjGLCXoRFYobLnvWWag=
github.com/clearblade/cblib v0.0.0-20220621221710-ab6694ac74b2 h1:74oWMB59Xmnct9U+OIE44W9BRgSLBSo50E1R2Jy2cHE=
github.com/clearblade/cblib v0.0.0-20220621221710-ab6694ac74b2/go.mod h1:skWJi6s6chGwLEQL9WuGDpovHjGLCXoRFYobLnvWWag=
github.com/clearblade/cblib v0.0.0-20220711181334-3d0b2aae4046 h1:haZANGLmONm1IPVvqtaTzHYj9WpYgnXN5PfdyWj+30A=
github.com/clearblade/cblib v0.0.0-20220711181334-3d0b2aae4046/go.mod h1:skWJi6s6chGwLEQL9WuGDpovHjGLCXoRFYobLnvWWag=
github.com/clearblade/cblib v0.0.0-20220728212931-4dfb9aa0618f h1:WBkv8TfXVIJXDflnDyb6N9tXhvy094GII2Dres4hV5k=
github.com/clearblade/cblib v0.0.0-20220728212931-4dfb9aa0618f/go.mod h1:skWJi6s6chGwLEQL9WuGDpovHjGLCXoRFYobLnvWWag=
github.com/clearblade/cblib v0.0.0-20220906193614-5a0a39e16f97 h1:li+U76GlvwExeKrvg2tMBcLLTPMa36XwqQDlU7AYc8I=
github.com/clearblade/cblib v0.0.0-20220906193614-5a0a39e16f97/go.mod h1:5Z/d9+87kMbh3jiPIJoZJa4CZxJPBoQBCWxmW8IxIjY=
github.com/clearblade/cblib v0.0.0-20220914220402-d9ddca4e0f14 h1:WHh6xLGIvYE1NRWDRFXK9a443j3FtRQteDV+YxisSBI=
github.com/clearblade/cblib v0.0.0-20220914220402-d9ddca4e0f14/go.mod h1:ynk9riXRc99icTkLSz+a0q76EBqouBivK7ENEVfA3y0=
github.com/clearblade/cblib v0.0.0-20220929165042-e63769d803f0 h1:BqdDu5H5SCV4xRLGSII0+llQF73vus5YI3WiWQRMTeE=
github.com/clearblade/cblib v0.0.0-20220929165042-e63769d803f0/go.mod h1:ynk9riXRc99icTkLSz+a0q76EBqouBivK7ENEVfA3y0=
github.com/clearblade/cblib v0.0.0-20220930214920-22bba56d7096 h1:6+gebt2Kv6vul1UKmPSKV2wwko9RF7Xys3OKbqR1LG4=
github.com/clearblade/cblib v0.0.0-20220930214920-22bba56d7096/go.mod h1:BLoJ9Rx8rYXa0V0tRBGZVVSkWRCE8qyYrqSw17uZ7Tg=
github.com/clearblade/cblib v0.0.0-20221006170817-d7c5df0526c8 h1:vTpFFZdGAdRYS55MA4ev6h9Nawn9S5wi2T8zxEDuxbc=
github.com/clearblade/cblib v0.0.0-20221006170817-d7c5df0526c8/go.mod h1:BLoJ9Rx8rYXa0V0tRBGZVVSkWRCE8qyYrqSw17uZ7Tg=
github.com/clearblade/cblib v0.0.0-20221009151453-b36fbde19467 h1:dlpi93TdF81Y8kLJLE+K2vdPUpvo6TKf22rQEmID+KA=
github.com/clearblade/cblib v0.0.0-20221009151453-b36fbde19467/go.mod h1:BLoJ9Rx8rYXa0V0tRBGZVVSkWRCE8qyYrqSw17uZ7Tg=
github.com/clearblade/cblib v0.0.0-20221010171817-42557ecea55a h1:xkS+91k7L6tMmqoQIr21+SWRLPBnx3Z7hHAztcaARSc=
github.com/clearblade/cblib v0.0.0-20221010171817-42557ecea55a/go.mod h1:BLoJ9Rx8rYXa0V0tRBGZVVSkWRCE8qyYrqSw17uZ7Tg=
github.com/clearblade/cblib v0.0.0-20221021220503-f36620ebac11 h1:az9UOsFymV3JA3C8dubsGF9dmLNcAMc/kQDkHQRS2zo=
github.com/clearblade/cblib v0.0.0-20221021220503-f36620ebac11/go.mod h1:BLoJ9Rx8rYXa0V0tRBGZVVSkWRCE8qyYrqSw17uZ7Tg=
github.com/clearblade/cblib v0.0.0-20221214212131-baec19846766 h1:b2T7NYKYftzwyT2TVd8yBPC3D16J2rrKh0zBIwDER1E=
github.com/clearblade/cblib v0.0.0-20221214212131-baec19846766/go.mod h1:kcYy8/rmuyDDDuTmoCOcI589+vt0NdiszI/aij83pP8=
github.com/clearblade/cblib v0.0.0-20230131193937-72a6993997d8 h1:I818k5jV/CAEZUIWTwXV5OI9/HvdRSN+I27K0UOZGj0=
github.com/clearblade/cblib v0.0.0-20230131193937-72a6993997d8/go.mod h1:kcYy8/rmuyDDDuTmoCOcI589+vt0NdiszI/aij83pP8=
github.com/clearblade/cblib v0.0.0-20230131220037-a89a8ee69433 h1:ymsFwkj0xQotYseVbDInuIctZOuIa6MvNF98SMSzG2E=
github.com/clearblade/cblib v0.0.0-20230131220037-a89a8ee69433/go.mod h1:kcYy8/rmuyDDDuTmoCOcI589+vt0NdiszI/aij83pP8=
github.com/clearblade/cblib v0.0.0-20230314192759-6ca30bea2815 h1:NHJzW6EqJwrDBoJqqZQ6PG6k8ws1CdPEuRTJMSuvJvs=
github.com/clearblade/cblib v0.0.0-20230314192759-6ca30bea2815/go.mod h1:kcYy8/rmuyDDDuTmoCOcI589+vt0NdiszI/aij83pP8=
github.com/clearblade/cblib v0.0.0-20230315173215-e8cbc5009b0a h1:Le/IdQ914fR4R7qdORaNEYLbXPs0OpzxNfx4FgjXYcY=
github.com/clearblade/cblib v0.0.0-20230315173215-e8cbc5009b0a/go.mod h1:kcYy8/rmuyDDDuTmoCOcI589+vt0NdiszI/aij83pP8=
github.com/clearblade/cblib v0.0.0-20230410152530-f7c28cbebfde h1:6C11QgGGES8fGTKpE0A/0WeVNgnDVq4hg/BPhnW3+ZU=
github.com/clearblade/cblib v0.0.0-20230410152530-f7c28cbebfde/go.mod h1:kcYy8/rmuyDDDuTmoCOcI589+vt0NdiszI/aij83pP8=
github.com/clearblade/cblib v0.0.0-20230421211317-84aad78141c3 h1:4+Bt8t5LWSAVb3t1bzoP386qoQkD2oCodK0DKbVadzo=
github.com/clearblade/cblib v0.0.0-20230421211317-84aad78141c3/go.mod h1:kcYy8/rmuyDDDuTmoCOcI589+vt0NdiszI/aij83pP8=
github.com/clearblade/cblib v0.0.0-20230501220321-fa9832159726 h1:tIH5Xi/+6z/FjOZIhJ8LSmFfYdiPYV1n038KnIJvR/s=
github.com/clearblade/cblib v0.0.0-20230501220321-fa9832159726/go.mod h1:kcYy8/rmuyDDDuTmoCOcI589+vt0NdiszI/aij83pP8=
github.com/clearblade/cblib v0.0.0-20230530170325-c4f40ac3607d h1:+1O+DWWr9mI7l+OX9ECtt6ntNpCOJoMs+ArtJKQLT6A=
github.com/clearblade/cblib v0.0.0-20230530170325-c4f40ac3607d/go.mod h1:wrPM8or+kBYOQ6dtjl1CSgNP7grh4NC3tG5pCWq6Pk8=
github.com/clearblade/cblib v0.0.0-20230531180424-86c34cc0310d h1:7GOsUixtfF+fCA/D7TJNFV+6RNM2QAp9CmKsGxBKQaU=
github.com/clearblade/cblib v0.0.0-20230531180424-86c34cc0310d/go.mod h1:wrPM8or+kBYOQ6dtjl1CSgNP7grh4NC3tG5pCWq6Pk8=
github.com/clearblade/cblib v0.0.0-20230531204651-287c860217be h1:MHU72KDhfgNo2wYhhoJjk6cQkUE0M6jLTiekOkJ3JqQ=
github.com/clearblade/cblib v0.0.0-20230531204651-287c860217be/go.mod h1:wrPM8or+kBYOQ6dtjl1CSgNP7grh4NC3tG5pCWq6Pk8=
github.com/clearblade/cblib v0.0.0-20230801195004-95525e21b503 h1:Zcfc/itm0xRBcCUM7SFzxzo73qlFBoYg86fwNa1rnyU=
github.com/clearblade/cblib v0.0.0-20230801195004-95525e21b503/go.mod h1:wrPM8or+kBYOQ6dtjl1CSgNP7grh4NC3tG5pCWq6Pk8=
github.com/clearblade/cblib v0.0.0-20230803142650-277df61c0860 h1:QlerR09nNxp0s4NQotKJGg7OfLhFA9CSaM2XYmDeCN4=
github.com/clearblade/cblib v0.0.0-20230803142650-277df61c0860/go.mod h1:wrPM8or+kBYOQ6dtjl1CSgNP7grh4NC3tG5pCWq6Pk8=
github.com/clearblade/cblib v0.0.0-20230809185258-d87297089577 h1:o7C4u8Jxjk0lSa0uSR3YMj5K9TKwIornR1XGpMHKrxo=
github.com/clearblade/cblib v0.0.0-20230809185258-d87297089577/go.mod h1:wrPM8or+kBYOQ6dtjl1CSgNP7grh4NC3tG5pCWq6Pk8=
github.com/clearblade/cblib v0.0.0-20230822195225-74a039953fa3 h1:uUBzNRdjSiBsR+xmknYEZqpwzVVdyi8Dw/VDhG+aDmg=
github.com/clearblade/cblib v0.0.0-20230822195225-74a039953fa3/go.mod h1:wrPM8or+kBYOQ6dtjl1CSgNP7grh4NC3tG5pCWq6Pk8=
github.com/clearblade/cblib v0.0.0-20240306192209-ab53e183f30e h1:AYM/8GyOwO5n2d8no5/yFpCLQHPPSXKE/SoWbk8EzBU=
github.com/clearblade/cblib v0.0.0-20240306192209-ab53e183f30e/go.mod h1:+B7KyMeIXrSxWdCaM/smrLbLWFS4s88sCDUXlqLkJzU=
github.com/clearblade/cblib v0.0.0-20240306200148-5ee4c5798dc5 h1:B9Iye8DwS5of7aMLZsq92o93AoO9Ox7bYL0jShPr69Q=
github.com/clearblade/cblib v0.0.0-20240306200148-5ee4c5798dc5/go.mod h1:+B7KyMeIXrSxWdCaM/smrLbLWFS4s88sCDUXlqLkJzU=
github.com/clearblade/cblib v0.0.0-20240306200753-4861694f8f73 h1:Yb3cLHTse0ePt0Ja8uXeVrquxA3YSEtGt4cmL4W0DE0=
github.com/clearblade/cblib v0.0.0-20240306200753-4861694f8f73/go.mod h1:+B7KyMeIXrSxWdCaM/smrLbLWFS4s88sCDUXlqLkJzU=
github.com/clearblade/cblib v0.0.0-20240306202234-268f19158557 h1:uQyKpLtle0meCJ2Io811XQH2dbiHYuXd0QHhX+cYrUw=
github.com/clearblade/cblib v0.0.0-20240306202234-268f19158557/go.mod h1:+B7KyMeIXrSxWdCaM/smrLbLWFS4s88sCDUXlqLkJzU=
github.com/clearblade/cblib v0.0.0-20240307152834-9a34444cd2f3 h1:Q4jUk6sqlkjDsAXvZJyI7MbjjYNzxf8njrZUkYtRkf0=
github.com/clearblade/cblib v0.0.0-20240307152834-9a34444cd2f3/go.mod h1:+B7KyMeIXrSxWdCaM/smrLbLWFS4s88sCDUXlqLkJzU=
github.com/clearblade/cblib v0.0.0-20240307153216-ee26b3a86551 h1:B/PSizvgmVzR970cB/DDLt6FzQHuYE21x8tydq1sBJA=
github.com/clearblade/cblib v0.0.0-20240307153216-ee26b3a86551/go.mod h1:+B7KyMeIXrSxWdCaM/smrLbLWFS4s88sCDUXlqLkJzU=
github.com/clearblade/cblib v0.0.0-20240307155913-f39d2e2188cd h1:2j3vRfhq5qtYb4yje7/ISnxytxzBLQmkbLlZq9LpO7U=
github.com/clearblade/cblib v0.0.0-20240307155913-f39d2e2188cd/go.mod h1:T9MRf8APxzLQcnMBbZbUJg3QsoxZtWvtLiFiGw4XEK0=
github.com/clearblade/cblib v0.0.0-20240307162746-48c516b8a8a5 h1:6MxPP55Nwy2PJH4R84Be5O+dltQrFAWDSWXGM4C3XXA=
github.com/clearblade/cblib v0.0.0-20240307162746-48c516b8a8a5/go.mod h1:j5IouB0bI6TxSrl8/Lw6F/MBCFKr5AThr+ojWYRVNPU=
github.com/clearblade/cblib v0.0.0-20240318155011-0984717aefe5 h1:niIA94Z85tXC+N+CRJws15+0KL6+7Sin7/6LuWjdFZ0=
github.com/clearblade/cblib v0.0.0-20240318155011-0984717aefe5/go.mod h1:j5IouB0bI6TxSrl8/Lw6F/MBCFKr5AThr+ojWYRVNPU=
github.com/clearblade/cblib v0.0.0-20240329155207-fdc39bfb5d7f h1:AHUHUNiFlxHckChowhenpCyjJMg1shDFJu8bSZu0TrU=
github.com/clearblade/cblib v0.0.0-20240329155207-fdc39bfb5d7f/go.mod h1:j5IouB0bI6TxSrl8/Lw6F/MBCFKr5AThr+ojWYRVNPU=
github.com/clearblade/cblib v0.0.0-20240426183438-e29151ffb39e h1:d8ANUQOhn11PV5b0vAcY8V48iWHmP2ylbSPYwaIGNdg=
github.com/clearblade/cblib v0.0.0-20240426183438-e29151ffb39e/go.mod h1:H7CtSb+OaPYkqgE7CloExuzF+593SULaq8pEclmO8EQ=
github.com/clearblade/cblib v0.0.0-20240506215709-a5f425d2e4e6 h1:ErreR+ypy6ZtpQBCMLO/nLBlkWDVA9YngM7gSlkLYU4=
github.com/clearblade/cblib v0.0.0-20240506215709-a5f425d2e4e6/go.mod h1:nYvcZVoQ3bDEXaJomhc9SZgJT35yGzXUaasXHx19Zyo=
github.com/clearblade/cblib v0.0.0-20240508220212-f6f60a7d55a8 h1:Tqd2P/FpiaHNcoWEGZ0WFDXTSOcvK7mwAB+naoXZo6c=
github.com/clearblade/cblib v0.0.0-20240508220212-f6f60a7d55a8/go.mod h1:1XE6/tQHkbuwcY+ZOrK4RNissZWc8C4sz3i4xGBd/CY=
github.com/clearblade/cblib v0.0.0-20240604201406-1e5978a5521c h1:BO1vB/imP/yzY+Xq1d9tHzouNsf2kjD1pd5IJ69Y+wE=
github.com/clearblade/cblib v0.0.0-20240604201406-1e5978a5521c/go.mod h1:nFiprp/Q3p7W9Q81EupVEqspoF/dbjPRyv0u1piMxNo=
github.com/clearblade/cblib v0.0.0-20240717140757-4b95bb881547 h1:GmO4b9yKwlo/SCjSRSAN4wMg/734m2W2+tjVurdCRXA=
github.com/clearblade/cblib v0.0.0-20240717140757-4b95bb881547/go.mod h1:nFiprp/Q3p7W9Q81EupVEqspoF/dbjPRyv0u1piMxNo=
github.com/clearblade/cblib v0.0.0-20240806205453-008d88917171 h1:iQbpsWejqL5/gvWFdu+uiegsLLzUkP3yNSirtiAyEFI=
github.com/clearblade/cblib v0.0.0-20240806205453-008d88917171/go.mod h1:fx1PVWF8rNRIGEORt+Y5JHsOu2X+IMouYgi+CDkOxlE=
github.com/clearblade/cblib v0.0.0-20240821152818-7797171d6e1d h1:XVLr3P398SVQKCB5T8uxhgzl41Q/bKQJZD8yRBDSL0M=
github.com/clearblade/cblib v0.0.0-20240821152818-7797171d6e1d/go.mod h1:fx1PVWF8rNRIGEORt+Y5JHsOu2X+IMouYgi+CDkOxlE=
github.com/clearblade/cblib v0.0.0-20240827192315-427c107b66a7 h1:GYbP4PlzudpxqtlFRtAm7ZSpz62vJLxE9uO4qVWIZ7Q=
github.com/clearblade/cblib v0.0.0-20240827192315-427c107b66a7/go.mod h1:iNbsOR2/WRLU9Iix3b2nnh67vykI/PvNDGY9GEBFvRU=
github.com/clearblade/cblib v0.0.0-20240911162156-c26f29fbf013 h1:TH1KW4Phy9zYsG8VPCwmmzYlvuBGO/wS58kTtTO0cEU=
github.com/clearblade/cblib v0.0.0-20240911162156-c26f29fbf013/go.mod h1:Bo4nj8jEz8yGixG9bt39f2DUbHTPjstbA89wwxTu26I=
github.com/clearblade/cblib v0.0.0-20240911203804-82d6d6972975 h1:Hg+2sDuprCqBHSpGy8vhQSdwKt8Wdgm0s9/1U0RHpLU=
github.com/clearblade/cblib v0.0.0-20240911203804-82d6d6972975/go.mod h1:Bo4nj8jEz8yGixG9bt39f2DUbHTPjstbA89wwxTu26I=
github.com/clearblade/cblib v0.0.0-20240911204905-1a93e84a5d53 h1:1wWoqiwOykk8XscdYVI8iK6CGsDMlYqZQJ2G7EXcPHA=
github.com/clearblade/cblib v0.0.0-20240911204905-1a93e84a5d53/go.mod h1:Bo4nj8jEz8yGixG9bt39f2DUbHTPjstbA89wwxTu26I=
github.com/clearblade/cblib v0.0.0-20240913151825-62a8db0fec3a h1:U7neF9LfvmxshDX3knwr6MaNRIXO6B/SFEcDu2Ous2A=
github.com/clearblade/cblib v0.0.0-20240913151825-62a8db0fec3a/go.mod h1:ho3ztfN0m/ac3QVNMlnzipX1Zlqvj1y+VN7v3g2jkK8=
github.com/clearblade/cblib v0.0.0-20240917152734-e09ca9f758c6 h1:N6LDyGxJFEXkRAxUHoZ0TrNlsN3o4r6L8pLVpBR01H8=
github.com/clearblade/cblib v0.0.0-20240917152734-e09ca9f758c6/go.mod h1:ho3ztfN0m/ac3QVNMlnzipX1Zlqvj1y+VN7v3g2jkK8=
github.com/clearblade/cblib v0.0.0-20240924141934-f3b6f0f628fe h1:k7tGZ19jBSVnbDtVgTRqd0DdvDzudfaQq+qCTB0ESnw=
github.com/clearblade/cblib v0.0.0-20240924141934-f3b6f0f628fe/go.mod h1:ho3ztfN0m/ac3QVNMlnzipX1Zlqvj1y+VN7v3g2jkK8=
github.com/clearblade/cblib v0.0.0-20240924145414-92b03d5d8de9 h1:Qdyio0soNh58tU8LTMY7jc/Dwryh7gYkdxxrhPBcRaM=
github.com/clearblade/cblib v0.0.0-20240924145414-92b03d5d8de9/go.mod h1:ho3ztfN0m/ac3QVNMlnzipX1Zlqvj1y+VN7v3g2jkK8=
github.com/clearblade/cblib v0.0.0-20240924162841-03cbd28c83c5 h1:3nrfCFS+akJm7DKvoGUm6cZ+DYZXuI45ubNoJSGbmpc=
github.com/clearblade/cblib v0.0.0-20240924162841-03cbd28c83c5/go.mod h1:ho3ztfN0m/ac3QVNMlnzipX1Zlqvj1y+VN7v3g2jkK8=
github.com/clearblade/go-utils v1.1.4 h1:/pcYKVTAJ5RcXRZnVENNdUZUKCoZRa3OVhbyer/aHiY=
github.com/clearblade/go-utils v1.1.4/go.mod h1:neQH1vakc/9y8BORrnWgSnBAQFBCS2U8OT3f47oM/YU=
github.com/clearblade/go-utils v1.1.5-0.20240513160427-a20563b372a5 h1:bZ0WWsMfcukPazNfOG8rR/BXJieIDaF29YcJP0M1cu4=
github.com/clearblade/go-utils v1.1.5-0.20240513160427-a20563b372a5/go.mod h1:oCpgejfd+56P7nlPGDQ3mpYnQWHjoBjStBXAokqWKV4=
github.com/clearblade/mqtt_parsing v0.0.0-20160301165118-6ae49eac0961 h1:/T6Cq3XSwmuFoN6GDoPWgGpNW5X0Idx49DbfQazRUOQ=
github.com/clearblade/mqtt_parsing v0.0.0-20160301165118-6ae49eac0961/go.mod h1:xDP8quKbKO12G1Z5hbQFhAb9DekEe/sSKVOJdl9eRgA=
github.com/clearblade/paho.mqtt.golang v1.1.1-0.20221107221803-558038c7f9ad/go.mod h1:gHNJiEGMpSWw++6e/xxUDoqsPqad+El3B/LIxk551RU=
github.com/clearblade/paho.mqtt.golang v1.1.1 h1:S+F3zt3EuskNZvrP4NTgtH1gbY/gvz8VlP+a7UX2LWQ=
github.com/clearblade/paho.mqtt.golang v1.1.1/go.mod h1:rpDRqEw2Q7epfQYfcHwkHDHSzNzPB+BYO8zn7cGHsWo=
github.com/cpuguy83/go-md2man/v2 v2.0.0-20190314233015-f79a8a8ca69d h1:U+s90UTSYgptZMwQh2aRr3LuazLJIa+Pg3Kc1ylSYVY=
github.com/cpuguy83/go-md2man/v2 v2.0.0-20190314233015-f79a8a8ca69d/go.mod h1:maD7wRr/U5Z6m/iR4s+kqSMx2CaBsrgA7czyZG/E6dU=
github.com/cpuguy83/go-md2man/v2 v2.0.1 h1:r/myEWzV9lfsM1tFLgDyu0atFtJ1fXn261LKYj/3DxU=
github.com/cpuguy83/go-md2man/v2 v2.0.1/go.mod h1:tgQtvFlXSQOSOSIRvRPT7W67SCa46tRHOmNcaadrF8o=
github.com/davecgh/go-spew v1.1.0 h1:ZDRjVQ15GmhC3fiQ8ni8+OwkZQO4DARzQgrnXU1Liz8=
github.com/davecgh/go-spew v1.1.0/go.mod h1:J7Y8YcW2NihsgmVo/mv3lAwl/skON4iLHjSsI+c5H38=
github.com/eclipse/paho.mqtt.golang v1.4.2/go.mod h1:JGt0RsEwEX+Xa/agj90YJ9d9DH2b7upDZMK9HRbFvCA=
github.com/fsnotify/fsnotify v1.4.7/go.mod h1:jwhsz4b93w/PPRr/qN1Yymfu8t87LnFCMoQvtojpjFo=
github.com/fsnotify/fsnotify v1.4.9 h1:hsms1Qyu0jgnwNXIxa+/V/PDsU6CfLf6CNO8H7IWoS4=
github.com/fsnotify/fsnotify v1.4.9/go.mod h1:znqG4EE+3YCdAaPaxE2ZRY/06pZUdp0tY4IgpuI1SZQ=
github.com/ghodss/yaml v1.0.0 h1:wQHKEahhL6wmXdzwWG11gIVCkOv05bNOh+Rxn0yngAk=
github.com/ghodss/yaml v1.0.0/go.mod h1:4dBDuWmgqj2HViK6kFavaiC9ZROes6MMH2rRYeMEF04=
github.com/golang/protobuf v1.2.0/go.mod h1:6lQm79b+lXiMfvg/cZm0SGofjICqVBUtrP5yJMmIC1U=
github.com/golang/protobuf v1.4.0-rc.1/go.mod h1:ceaxUfeHdC40wWswd/P6IGgMaK3YpKi5j83Wpe3EHw8=
github.com/golang/protobuf v1.4.0-rc.1.0.20200221234624-67d41d38c208/go.mod h1:xKAWHe0F5eneWXFV3EuXVDTCmh+JuBKY0li0aMyXATA=
github.com/golang/protobuf v1.4.0-rc.2/go.mod h1:LlEzMj4AhA7rCAGe4KMBDvJI+AwstrUpVNzEA03Pprs=
github.com/golang/protobuf v1.4.0-rc.4.0.20200313231945-b860323f09d0/go.mod h1:WU3c8KckQ9AFe+yFwt9sWVRKCVIyN9cPHBJSNnbL67w=
github.com/golang/protobuf v1.4.0/go.mod h1:jodUvKwWbYaEsadDk5Fwe5c77LiNKVO9IDvqG2KuDX0=
github.com/golang/protobuf v1.4.2 h1:+Z5KGCizgyZCbGh1KZqA0fcLLkwbsjIzS4aV2v7wJX0=
github.com/golang/protobuf v1.4.2/go.mod h1:oDoupMAO8OvCJWAcko0GGGIgR6R6ocIYbsSw735rRwI=
github.com/google/go-cmp v0.3.0/go.mod h1:8QqcDgzrUqlUb/G2PQTWiueGozuR1884gddMywk6iLU=
github.com/google/go-cmp v0.3.1/go.mod h1:8QqcDgzrUqlUb/G2PQTWiueGozuR1884gddMywk6iLU=
github.com/google/go-cmp v0.4.0 h1:xsAVV57WRhGj6kEIi8ReJzQlHHqcBYCElAvkovg3B/4=
github.com/google/go-cmp v0.4.0/go.mod h1:v8dTdLbMG2kIc/vJvl+f65V22dbkXbowE6jgT/gNBxE=
github.com/gorilla/websocket v1.4.2/go.mod h1:YR8l580nyteQvAITg2hZ9XVh4b55+EU/adAjf1fMHhE=
github.com/hpcloud/tail v1.0.0/go.mod h1:ab1qPbhIpdTxEkNHXyeSf5vhxWSCs/tWer42PpOxQnU=
github.com/mitchellh/mapstructure v1.3.3 h1:SzB1nHZ2Xi+17FP0zVQBHIZqvwRN9408fJO8h+eeNA8=
github.com/mitchellh/mapstructure v1.3.3/go.mod h1:bFUtVrKA4DC2yAKiSyO/QUcy7e+RRV2QTWOzhPopBRo=
github.com/mitchellh/mapstructure v1.4.1 h1:CpVNEelQCZBooIPDn+AR3NpivK/TIKU8bDxdASFVQag=
github.com/mitchellh/mapstructure v1.4.1/go.mod h1:bFUtVrKA4DC2yAKiSyO/QUcy7e+RRV2QTWOzhPopBRo=
github.com/mitchellh/mapstructure v1.5.0 h1:jeMsZIYE/09sWLaz43PL7Gy6RuMjD2eJVyuac5Z2hdY=
github.com/mitchellh/mapstructure v1.5.0/go.mod h1:bFUtVrKA4DC2yAKiSyO/QUcy7e+RRV2QTWOzhPopBRo=
github.com/nsf/jsondiff v0.0.0-20210926074059-1e845ec5d249 h1:NHrXEjTNQY7P0Zfx1aMrNhpgxHmow66XQtm0aQLY0AE=
github.com/nsf/jsondiff v0.0.0-20210926074059-1e845ec5d249/go.mod h1:mpRZBD8SJ55OIICQ3iWH0Yz3cjzA61JdqMLoWXeB2+8=
github.com/nxadm/tail v1.4.4 h1:DQuhQpB1tVlglWS2hLQ5OV6B5r8aGxSrPc5Qo6uTN78=
github.com/nxadm/tail v1.4.4/go.mod h1:kenIhsEOeOJmVchQTgglprH7qJGnHDVpk1VPCcaMI8A=
github.com/onsi/ginkgo v1.6.0/go.mod h1:lLunBs/Ym6LB5Z9jYTR76FiuTmxDTDusOGeTQH+WWjE=
github.com/onsi/ginkgo v1.12.1/go.mod h1:zj2OWP4+oCPe1qIXoGWkgMRwljMUYCdkwsT2108oapk=
github.com/onsi/ginkgo v1.12.3 h1:+RYp9QczoWz9zfUyLP/5SLXQVhfr6gZOoKGfQqHuLZQ=
github.com/onsi/ginkgo v1.12.3/go.mod h1:iSB4RoI2tjJc9BBv4NKIKWKya62Rps+oPG/Lv9klQyY=
github.com/onsi/gomega v1.7.1/go.mod h1:XdKZgCCFLUoM/7CFJVPcG8C1xQ1AJ0vpAezJrB7JYyY=
github.com/onsi/gomega v1.10.1 h1:o0+MgICZLuZ7xjH7Vx6zS/zcu93/BEp1VwkIW1mEXCE=
github.com/onsi/gomega v1.10.1/go.mod h1:iN09h71vgCQne3DLsj+A5owkum+a2tYe+TOCB1ybHNo=
github.com/pkg/errors v0.8.1/go.mod h1:bwawxfHBFNV+L2hUp1rHADufV3IMtnDRdf1r5NINEl0=
github.com/pkg/errors v0.9.1 h1:FEBLx1zS214owpjy7qsBeixbURkuhQAwrK5UwLGTwt4=
github.com/pkg/errors v0.9.1/go.mod h1:bwawxfHBFNV+L2hUp1rHADufV3IMtnDRdf1r5NINEl0=
github.com/pmezard/go-difflib v1.0.0 h1:4DBwDE0NGyQoBHbLQYPwSUPoCMWR5BEzIk/f1lZbAQM=
github.com/pmezard/go-difflib v1.0.0/go.mod h1:iKH77koFhYxTK1pcRnkKkqfTogsbg7gZNVY4sRDYZ/4=
github.com/russross/blackfriday/v2 v2.0.1 h1:lPqVAte+HuHNfhJ/0LC98ESWRz8afy9tM/0RK8m9o+Q=
github.com/russross/blackfriday/v2 v2.0.1/go.mod h1:+Rmxgy9KzJVeS9/2gXHxylqXiyQDYRxCVz55jmeOWTM=
github.com/russross/blackfriday/v2 v2.1.0 h1:JIOH55/0cWyOuilr9/qlrm0BSXldqnqwMsf35Ld67mk=
github.com/russross/blackfriday/v2 v2.1.0/go.mod h1:+Rmxgy9KzJVeS9/2gXHxylqXiyQDYRxCVz55jmeOWTM=
github.com/shurcooL/sanitized_anchor_name v1.0.0 h1:PdmoCO6wvbs+7yrJyMORt4/BmY5IYyJwS/kOiWx8mHo=
github.com/shurcooL/sanitized_anchor_name v1.0.0/go.mod h1:1NzhyTcUVG4SuEtjjoZeVRXNmyL/1OwPU0+IJeTBvfc=
github.com/stretchr/objx v0.1.0/go.mod h1:HFkY916IF+rwdDfMAkV7OtwuqBVzrE8GR6GFx+wExME=
github.com/stretchr/testify v1.6.1 h1:hDPOHmpOpP40lSULcqw7IrRb/u7w6RpDC9399XyoNd0=
github.com/stretchr/testify v1.6.1/go.mod h1:6Fq8oRcR53rry900zMqJjRRixrwX3KX962/h/Wwjteg=
github.com/totherme/unstructured v0.0.0-20170821094912-3faf2d56d8b8 h1:+cDQ25Z/KyOnKdpENvDW1+4fwr73INYQQYzolbkLPd4=
github.com/totherme/unstructured v0.0.0-20170821094912-3faf2d56d8b8/go.mod h1:kRBNd4oaYXfqx6LEsAukp3/BTLgXyuXGqPbzCqZ2WCc=
github.com/urfave/cli/v2 v2.3.0 h1:qph92Y649prgesehzOrQjdWyxFOp/QVM+6imKHad91M=
github.com/urfave/cli/v2 v2.3.0/go.mod h1:LJmUH05zAU44vOAcrfzZQKsZbVcdbOG8rtL3/XcUArI=
github.com/xeipuuv/gojsonpointer v0.0.0-20180127040702-4e3ac2762d5f/go.mod h1:N2zxlSyiKSe5eX1tZViRH5QA0qijqEDrYZiPEAiq3wU=
github.com/xeipuuv/gojsonpointer v0.0.0-20190905194746-02993c407bfb h1:zGWFAtiMcyryUHoUjUJX0/lt1H2+i2Ka2n+D3DImSNo=
github.com/xeipuuv/gojsonpointer v0.0.0-20190905194746-02993c407bfb/go.mod h1:N2zxlSyiKSe5eX1tZViRH5QA0qijqEDrYZiPEAiq3wU=
golang.org/x/crypto v0.0.0-20190308221718-c2843e01d9a2/go.mod h1:djNgcEr1/C05ACkg1iLfiJU5Ep61QUkGW8qpdssI0+w=
golang.org/x/crypto v0.0.0-20200622213623-75b288015ac9/go.mod h1:LzIPMQfyMNhhGPhUkYOs5KpL4U8rLKemX1yGLhDgUto=
golang.org/x/net v0.0.0-20180906233101-161cd47e91fd/go.mod h1:mL1N/T3taQHkDXs73rZJwtUhF3w3ftmwwsq0BUmARs4=
golang.org/x/net v0.0.0-20190404232315-eb5bcb51f2a3/go.mod h1:t9HGtf8HONx5eT2rtn7q6eTqICYqUVnKs3thJo3Qplg=
golang.org/x/net v0.0.0-20191209160850-c0dbc17a3553/go.mod h1:z5CRVTTTmAJ677TzLLGU+0bjPO0LkuOLi4/5GtJWs/s=
golang.org/x/net v0.0.0-20200425230154-ff2c4b7c35a0/go.mod h1:qpuaurCH72eLCgpAm/N6yyVIVM9cpaDIP3A8BGJEC5A=
golang.org/x/net v0.0.0-20200520004742-59133d7f0dd7 h1:AeiKBIuRw3UomYXSbLy0Mc2dDLfdtbT/IVn4keq83P0=
golang.org/x/net v0.0.0-20200520004742-59133d7f0dd7/go.mod h1:qpuaurCH72eLCgpAm/N6yyVIVM9cpaDIP3A8BGJEC5A=
golang.org/x/net v0.0.0-20200707034311-ab3426394381 h1:VXak5I6aEWmAXeQjA+QSZzlgNrpq9mjcfDemuexIKsU=
golang.org/x/net v0.0.0-20200707034311-ab3426394381/go.mod h1:/O7V0waA8r7cgGh81Ro3o1hOxt32SMVPicZroKQ2sZA=
golang.org/x/net v0.0.0-20210813160813-60bc85c4be6d h1:LO7XpTYMwTqxjLcGWPijK3vRXg1aWdlNOVOHRq45d7c=
golang.org/x/net v0.0.0-20210813160813-60bc85c4be6d/go.mod h1:9nx3DQGgdP8bBQD5qxJ1jj9UTztislL4KSBs9R2vV5Y=
golang.org/x/sync v0.0.0-20180314180146-1d60e4601c6f/go.mod h1:RxMgew5VJxzue5/jJTE5uejpjVlOe/izrB70Jof72aM=
golang.org/x/sync v0.0.0-20210220032951-036812b2e83c/go.mod h1:RxMgew5VJxzue5/jJTE5uejpjVlOe/izrB70Jof72aM=
golang.org/x/sys v0.0.0-20180909124046-d0be0721c37e/go.mod h1:STP8DvDyc/dI5b8T5hshtkjS+E42TnysNCUPdjciGhY=
golang.org/x/sys v0.0.0-20190215142949-d0b11bdaac8a/go.mod h1:STP8DvDyc/dI5b8T5hshtkjS+E42TnysNCUPdjciGhY=
golang.org/x/sys v0.0.0-20190412213103-97732733099d/go.mod h1:h1NjWce9XRLGQEsW7wpKNCjG9DtNlClVuFLEZdDNbEs=
golang.org/x/sys v0.0.0-20190904154756-749cb33beabd/go.mod h1:h1NjWce9XRLGQEsW7wpKNCjG9DtNlClVuFLEZdDNbEs=
golang.org/x/sys v0.0.0-20191005200804-aed5e4c7ecf9/go.mod h1:h1NjWce9XRLGQEsW7wpKNCjG9DtNlClVuFLEZdDNbEs=
golang.org/x/sys v0.0.0-20191120155948-bd437916bb0e/go.mod h1:h1NjWce9XRLGQEsW7wpKNCjG9DtNlClVuFLEZdDNbEs=
golang.org/x/sys v0.0.0-20200323222414-85ca7c5b95cd/go.mod h1:h1NjWce9XRLGQEsW7wpKNCjG9DtNlClVuFLEZdDNbEs=
golang.org/x/sys v0.0.0-20200519105757-fe76b779f299 h1:DYfZAGf2WMFjMxbgTjaC+2HC7NkNAQs+6Q8b9WEB/F4=
golang.org/x/sys v0.0.0-20200519105757-fe76b779f299/go.mod h1:h1NjWce9XRLGQEsW7wpKNCjG9DtNlClVuFLEZdDNbEs=
golang.org/x/sys v0.0.0-20201119102817-f84b799fce68/go.mod h1:h1NjWce9XRLGQEsW7wpKNCjG9DtNlClVuFLEZdDNbEs=
golang.org/x/sys v0.0.0-20210423082822-04245dca01da h1:b3NXsE2LusjYGGjL5bxEVZZORm/YEFFrWFjR8eFrw/c=
golang.org/x/sys v0.0.0-20210423082822-04245dca01da/go.mod h1:h1NjWce9XRLGQEsW7wpKNCjG9DtNlClVuFLEZdDNbEs=
golang.org/x/term v0.0.0-20201126162022-7de9c90e9dd1/go.mod h1:bj7SfCRtBDWHUb9snDiAeCFNEtKQo2Wmx5Cou7ajbmo=
golang.org/x/text v0.3.0/go.mod h1:NqM8EUOU14njkJ3fqMW+pc6Ldnwhi/IjpwHt7yyuwOQ=
golang.org/x/text v0.3.2 h1:tW2bmiBqwgJj/UpqtC8EpXEZVYOwU0yG4iWbprSVAcs=
golang.org/x/text v0.3.2/go.mod h1:bEr9sfX3Q8Zfm5fL9x+3itogRgK3+ptLWKqgva+5dAk=
golang.org/x/text v0.3.6 h1:aRYxNxv6iGQlyVaZmk6ZgYEDa+Jg18DxebPSrd6bg1M=
golang.org/x/text v0.3.6/go.mod h1:5Zoc/QRtKVWzQhOtBMvqHzDpF6irO9z98xDceosuGiQ=
golang.org/x/tools v0.0.0-20180917221912-90fa682c2a6e/go.mod h1:n7NCudcB/nEzxVGmLbDWY5pfWTLqBcC2KZ6jyYvM4mQ=
golang.org/x/xerrors v0.0.0-20191204190536-9bdfabe68543 h1:E7g+9GITq07hpfrRu66IVDexMakfv52eLZ2CXBWiKr4=
golang.org/x/xerrors v0.0.0-20191204190536-9bdfabe68543/go.mod h1:I/5z698sn9Ka8TeJc9MKroUUfqBBauWjQqLJ2OPfmY0=
google.golang.org/protobuf v0.0.0-20200109180630-ec00e32a8dfd/go.mod h1:DFci5gLYBciE7Vtevhsrf46CRTquxDuWsQurQQe4oz8=
google.golang.org/protobuf v0.0.0-20200221191635-4d8936d0db64/go.mod h1:kwYJMbMJ01Woi6D6+Kah6886xMZcty6N08ah7+eCXa0=
google.golang.org/protobuf v0.0.0-20200228230310-ab0ca4ff8a60/go.mod h1:cfTl7dwQJ+fmap5saPgwCLgHXTUD7jkjRqWcaiX5VyM=
google.golang.org/protobuf v1.20.1-0.20200309200217-e05f789c0967/go.mod h1:A+miEFZTKqfCUM6K7xSMQL9OKL/b6hQv+e19PK+JZNE=
google.golang.org/protobuf v1.21.0/go.mod h1:47Nbq4nVaFHyn7ilMalzfO3qCViNmqZ2kzikPIcrTAo=
google.golang.org/protobuf v1.23.0 h1:4MY060fB1DLGMB/7MBTLnwQUY6+F09GEiz6SsrNqyzM=
google.golang.org/protobuf v1.23.0/go.mod h1:EGpADcykh3NcUnDUJcl1+ZksZNG86OlYog2l/sGQquU=
gopkg.in/check.v1 v0.0.0-20161208181325-20d25e280405 h1:yhCVgyC4o1eVCa2tZl7eS0r+SDo693bJlVdllGtEeKM=
gopkg.in/check.v1 v0.0.0-20161208181325-20d25e280405/go.mod h1:Co6ibVJAznAaIkqp8huTwlJQCZ016jof/cbN4VW5Yz0=
gopkg.in/fsnotify.v1 v1.4.7/go.mod h1:Tz8NjZHkW78fSQdbUxIjBTcgA1z1m8ZHf0WmKUhAMys=
gopkg.in/tomb.v1 v1.0.0-20141024135613-dd632973f1e7 h1:uRGJdciOHaEIrze2W8Q3AKkepLTh2hOroT7a+7czfdQ=
gopkg.in/tomb.v1 v1.0.0-20141024135613-dd632973f1e7/go.mod h1:dt/ZhP58zS4L8KSrWDmTeBkI65Dw0HsyUHuEVlX15mw=
gopkg.in/yaml.v2 v2.2.3/go.mod h1:hI93XBmqTisBFMUTm0b8Fm+jr3Dg1NNxqwp+5A1VGuI=
gopkg.in/yaml.v2 v2.2.4/go.mod h1:hI93XBmqTisBFMUTm0b8Fm+jr3Dg1NNxqwp+5A1VGuI=
gopkg.in/yaml.v2 v2.3.0 h1:clyUAQHOM3G0M3f5vQj7LuJrETvjVot3Z5el9nffUtU=
gopkg.in/yaml.v2 v2.3.0/go.mod h1:hI93XBmqTisBFMUTm0b8Fm+jr3Dg1NNxqwp+5A1VGuI=
gopkg.in/yaml.v2 v2.4.0 h1:D8xgwECY7CYvx+Y2n4sBz93Jn9JRvxdiyyo8CTfuKaY=
gopkg.in/yaml.v2 v2.4.0/go.mod h1:RDklbk79AGWmwhnvt/jBztapEOGDOx6ZbXqjP6csGnQ=
gopkg.in/yaml.v3 v3.0.0-20200313102051-9f266ea9e77c h1:dUUwHk2QECo/6vqA44rthZ8ie2QXMNeKRTHCNY2nXvo=
gopkg.in/yaml.v3 v3.0.0-20200313102051-9f266ea9e77c/go.mod h1:K4uyk7z7BCEPqu6E+C64Yfv1cQ7kz7rIZviUmN+EgEM=
