# This file is autogenerated, do not edit; changes may be undone by the next 'dep ensure'.


[[projects]]
  name = "github.com/bgentry/speakeasy"
  packages = ["."]
  revision = "4aabc24848ce5fd31929f7d1e4ea74d3709c14cd"
  version = "v0.1.0"

[[projects]]
  name = "github.com/clearblade/Go-SDK"
  packages = ["."]
  revision = "3b9a30b6d365a49327e13552381561b77a8f235e"
  version = "v2.4"

[[projects]]
  name = "github.com/clearblade/cbjson"
  packages = ["."]
  revision = "f1a77f1fc21cab36e0b242be1a68bfb48b583e3c"
  version = "v1.0"

[[projects]]
  name = "github.com/clearblade/cblib"
  packages = [
    ".",
    "models"
  ]
  revision = "ed51c4ed7674f6721a7fe8a6bfe528f5c050a291"
  version = "v4.0.1"

[[projects]]
  name = "github.com/clearblade/mqtt_parsing"
  packages = ["."]
  revision = "6ae49eac0961e0ce36375012801d366fe50e472c"
  version = "v1.0"

[[projects]]
  name = "github.com/eclipse/paho.mqtt.golang"
  packages = [
    ".",
    "packets"
  ]
  revision = "36d01c2b4cbeb3d2a12063e4880ce30800af9560"
  version = "v1.1.1"

[[projects]]
  branch = "master"
  name = "golang.org/x/net"
  packages = [
    "proxy",
    "websocket"
  ]
  revision = "b3c676e531a6dc479fa1b35ac961c13f5e2b4d2e"

[solve-meta]
  analyzer-name = "dep"
  analyzer-version = 1
  inputs-digest = "4f3ede86f22e75c1ee084db673a2f9d56163014b08e836b60031b92cc1cdd78d"
  solver-name = "gps-cdcl"
  solver-version = 1
