# This file is autogenerated, do not edit; changes may be undone by the next 'dep ensure'.


[[projects]]
  digest = "1:1343a2963481a305ca4d051e84bc2abd16b601ee22ed324f8d605de1adb291b0"
  name = "github.com/bgentry/speakeasy"
  packages = ["."]
  pruneopts = "UT"
  revision = "4aabc24848ce5fd31929f7d1e4ea74d3709c14cd"
  version = "v0.1.0"

[[projects]]
  digest = "1:12de3c1edd3e017279510f3d0dff704215f5f57f6ec040267b9e801829fca084"
  name = "github.com/clearblade/Go-SDK"
  packages = ["."]
  pruneopts = "UT"
  revision = "c53ec242858efaa3400d9a063f52db9b519ab561"
  version = "3.2.2"

[[projects]]
  digest = "1:1a58a688cb20f2c431e1a3a85347559f5ad145b92fd83d144f832906f8675fa1"
  name = "github.com/clearblade/cbjson"
  packages = ["."]
  pruneopts = "UT"
  revision = "f1a77f1fc21cab36e0b242be1a68bfb48b583e3c"
  version = "v1.0"

[[projects]]
  digest = "1:111a3249f3923b4ba1497a828e0da4943476407f87db307618de692866f4e0b6"
  name = "github.com/clearblade/cblib"
  packages = [
    ".",
    "models",
  ]
  pruneopts = "UT"
  revision = "8ccfdc10cfe0fc0118ee8c429a508ae0a328f499"
  version = "6.3.0"

[[projects]]
  digest = "1:a39cd1a36849f0eab14d9351a72667f604a422c44c89f30f2dd25a2328415d26"
  name = "github.com/clearblade/go-utils"
  packages = [
    ".",
    "errors",
    "errors/constants/category",
    "uuid",
  ]
  pruneopts = "UT"
  revision = "c8ed4ac3b3013dc204ccb1a34e29eb6d267e867a"
  version = "v1.1.4"

[[projects]]
  digest = "1:aaca84d372e8eb618bc516bcbf5a7e53ed542712904b73c3265b901771283d04"
  name = "github.com/clearblade/mqtt_parsing"
  packages = ["."]
  pruneopts = "UT"
  revision = "6ae49eac0961e0ce36375012801d366fe50e472c"
  version = "v1.0"

[[projects]]
  digest = "1:f642abcb3f37fc917e339e19e17b96eb6f883ad713e637dbc33b9b9f531b56c5"
  name = "github.com/clearblade/paho.mqtt.golang"
  packages = [
    ".",
    "packets",
  ]
  pruneopts = "UT"
  revision = "1947fce26f26f26402d3d555c032331013dee07f"
  version = "v1.1.1"

[[projects]]
  digest = "1:2cd7915ab26ede7d95b8749e6b1f933f1c6d5398030684e6505940a10f31cfda"
  name = "github.com/ghodss/yaml"
  packages = ["."]
  pruneopts = "UT"
  revision = "0ca9ea5df5451ffdf184b4428c902747c2c11cd7"
  version = "v1.0.0"

[[projects]]
  digest = "1:9e1d37b58d17113ec3cb5608ac0382313c5b59470b94ed97d0976e69c7022314"
  name = "github.com/pkg/errors"
  packages = ["."]
  pruneopts = "UT"
  revision = "614d223910a179a466c1767a985424175c39b465"
  version = "v0.9.1"

[[projects]]
  branch = "master"
  digest = "1:94d4556dcae9ee88c0a7345b126693e1c3661fbc19b25ad4dc1e3e7ec9dd4454"
  name = "github.com/totherme/unstructured"
  packages = ["."]
  pruneopts = "UT"
  revision = "3faf2d56d8b8f309ec97af03c6250dba70db94ff"

[[projects]]
  branch = "master"
  digest = "1:87fe9bca786484cef53d52adeec7d1c52bc2bfbee75734eddeb75fc5c7023871"
  name = "github.com/xeipuuv/gojsonpointer"
  packages = ["."]
  pruneopts = "UT"
  revision = "02993c407bfbf5f6dae44c4f4b1cf6a39b5fc5bb"

[[projects]]
  branch = "master"
  digest = "1:323d0eeaa3893e9f9cf6c11b11e3c5ce949b32d672b037e663b0e98de6f2d004"
  name = "golang.org/x/net"
  packages = [
    "internal/socks",
    "proxy",
    "websocket",
  ]
  pruneopts = "UT"
  revision = "6afb5195e5aab057fda82e27171243402346b0ad"

[[projects]]
  digest = "1:b75b3deb2bce8bc079e16bb2aecfe01eb80098f5650f9e93e5643ca8b7b73737"
  name = "gopkg.in/yaml.v2"
  packages = ["."]
  pruneopts = "UT"
  revision = "1f64d6156d11335c3f22d9330b0ad14fc1e789ce"
  version = "v2.2.7"

[solve-meta]
  analyzer-name = "dep"
  analyzer-version = 1
  input-imports = ["github.com/clearblade/cblib"]
  solver-name = "gps-cdcl"
  solver-version = 1
