# This file is autogenerated, do not edit; changes may be undone by the next 'dep ensure'.


[[projects]]
  name = "github.com/bgentry/speakeasy"
  packages = ["."]
  revision = "4aabc24848ce5fd31929f7d1e4ea74d3709c14cd"
  version = "v0.1.0"

[[projects]]
  name = "github.com/clearblade/Go-SDK"
  packages = ["."]
  revision = "beb71d220f8e0617a4ae5aa435bdd16fbeb703e6"
  version = "v2.5.2"

[[projects]]
  name = "github.com/clearblade/cbjson"
  packages = ["."]
  revision = "f1a77f1fc21cab36e0b242be1a68bfb48b583e3c"
  version = "v1.0"

[[projects]]
  name = "github.com/clearblade/cblib"
  packages = [
    ".",
    "models"
  ]
  revision = "1b7eba37edf7e8ac359f4cbd1699750c939899c1"
  version = "4.1.4"

[[projects]]
  name = "github.com/clearblade/go-utils"
  packages = [
    ".",
    "errors",
    "errors/constants/category",
    "uuid"
  ]
  revision = "5817e630577596e2a403e2e5f2dd818619f6e978"
  version = "v1.1.3"

[[projects]]
  name = "github.com/clearblade/mqtt_parsing"
  packages = ["."]
  revision = "6ae49eac0961e0ce36375012801d366fe50e472c"
  version = "v1.0"

[[projects]]
  name = "github.com/clearblade/paho.mqtt.golang"
  packages = [
    ".",
    "packets"
  ]
  revision = "1947fce26f26f26402d3d555c032331013dee07f"
  version = "v1.1.1"

[[projects]]
  branch = "master"
  name = "golang.org/x/net"
  packages = [
    "internal/socks",
    "proxy",
    "websocket"
  ]
  revision = "8a410e7b638dca158bf9e766925842f6651ff828"

[solve-meta]
  analyzer-name = "dep"
  analyzer-version = 1
  inputs-digest = "c16bd73050b5abbbd579f67555ef3a3d9da8c6825fe31567b553679c79dfee8b"
  solver-name = "gps-cdcl"
  solver-version = 1
